
Microsoft Visual Studio Solution File, Format Version 12.00
# Visual Studio 15
VisualStudioVersion = 15.0.27130.2010
MinimumVisualStudioVersion = 10.0.40219.1
Project("{FAE04EC0-301F-11D3-BF4B-00C04F79EFBC}") = "Scheduler", "Scheduler\Scheduler.csproj", "{91494C6F-D86E-4F2A-9099-F1B57219E168}"
EndProject
Project("{FAE04EC0-301F-11D3-BF4B-00C04F79EFBC}") = "Scheduler.Tests", "Scheduler.Tests\Scheduler.Tests.csproj", "{77F2C290-67F5-4B58-B31E-F5BC1CD151E9}"
EndProject
Global
	GlobalSection(SolutionConfigurationPlatforms) = preSolution
		Debug|Any CPU = Debug|Any CPU
		Release|Any CPU = Release|Any CPU
	EndGlobalSection
	GlobalSection(ProjectConfigurationPlatforms) = postSolution
		{91494C6F-D86E-4F2A-9099-F1B57219E168}.Debug|Any CPU.ActiveCfg = Debug|Any CPU
		{91494C6F-D86E-4F2A-9099-F1B57219E168}.Debug|Any CPU.Build.0 = Debug|Any CPU
		{91494C6F-D86E-4F2A-9099-F1B57219E168}.Release|Any CPU.ActiveCfg = Release|Any CPU
		{91494C6F-D86E-4F2A-9099-F1B57219E168}.Release|Any CPU.Build.0 = Release|Any CPU
		{77F2C290-67F5-4B58-B31E-F5BC1CD151E9}.Debug|Any CPU.ActiveCfg = Debug|Any CPU
		{77F2C290-67F5-4B58-B31E-F5BC1CD151E9}.Debug|Any CPU.Build.0 = Debug|Any CPU
		{77F2C290-67F5-4B58-B31E-F5BC1CD151E9}.Release|Any CPU.ActiveCfg = Release|Any CPU
		{77F2C290-67F5-4B58-B31E-F5BC1CD151E9}.Release|Any CPU.Build.0 = Release|Any CPU
	EndGlobalSection
	GlobalSection(SolutionProperties) = preSolution
		HideSolutionNode = FALSE
	EndGlobalSection
	GlobalSection(ExtensibilityGlobals) = postSolution
		SolutionGuid = {BF4535D1-153B-4CF4-95E6-8AD53F9182C9}
	EndGlobalSection
EndGlobal
